
Microsoft Visual Studio Solution File, Format Version 12.00
# Visual Studio Version 17
VisualStudioVersion = 17.9.34728.123
MinimumVisualStudioVersion = 10.0.40219.1
Project("{FAE04EC0-301F-11D3-BF4B-00C04F79EFBC}") = "13-16", "13-16.csproj", "{0B18293E-B114-4D82-A654-CA511BD5EF0A}"
EndProject
Global
	GlobalSection(SolutionConfigurationPlatforms) = preSolution
		Debug|Any CPU = Debug|Any CPU
		Release|Any CPU = Release|Any CPU
	EndGlobalSection
	GlobalSection(ProjectConfigurationPlatforms) = postSolution
		{0B18293E-B114-4D82-A654-CA511BD5EF0A}.Debug|Any CPU.ActiveCfg = Debug|Any CPU
		{0B18293E-B114-4D82-A654-CA511BD5EF0A}.Debug|Any CPU.Build.0 = Debug|Any CPU
		{0B18293E-B114-4D82-A654-CA511BD5EF0A}.Release|Any CPU.ActiveCfg = Release|Any CPU
		{0B18293E-B114-4D82-A654-CA511BD5EF0A}.Release|Any CPU.Build.0 = Release|Any CPU
	EndGlobalSection
	GlobalSection(SolutionProperties) = preSolution
		HideSolutionNode = FALSE
	EndGlobalSection
	GlobalSection(ExtensibilityGlobals) = postSolution
		SolutionGuid = {BDD877E7-1415-431E-8B8F-2F00EAB5275A}
	EndGlobalSection
EndGlobal
